
Microsoft Visual Studio Solution File, Format Version 12.00
# Visual Studio Version 17
VisualStudioVersion = 17.13.35913.81 d17.13
MinimumVisualStudioVersion = 10.0.40219.1
Project("{FAE04EC0-301F-11D3-BF4B-00C04F79EFBC}") = "FranciumMultiCrossMod", "FranciumMultiCrossMod.csproj", "{B55B008F-00E3-9833-2157-F6E22DE6B844}"
EndProject
Global
	GlobalSection(SolutionConfigurationPlatforms) = preSolution
		Debug|Any CPU = Debug|Any CPU
		Release|Any CPU = Release|Any CPU
	EndGlobalSection
	GlobalSection(ProjectConfigurationPlatforms) = postSolution
		{B55B008F-00E3-9833-2157-F6E22DE6B844}.Debug|Any CPU.ActiveCfg = Debug|Any CPU
		{B55B008F-00E3-9833-2157-F6E22DE6B844}.Debug|Any CPU.Build.0 = Debug|Any CPU
		{B55B008F-00E3-9833-2157-F6E22DE6B844}.Release|Any CPU.ActiveCfg = Release|Any CPU
		{B55B008F-00E3-9833-2157-F6E22DE6B844}.Release|Any CPU.Build.0 = Release|Any CPU
	EndGlobalSection
	GlobalSection(SolutionProperties) = preSolution
		HideSolutionNode = FALSE
	EndGlobalSection
	GlobalSection(ExtensibilityGlobals) = postSolution
		SolutionGuid = {4A1D9300-150C-4F7F-A776-59AF8C555EFE}
	EndGlobalSection
EndGlobal
